
Microsoft Visual Studio Solution File, Format Version 12.00
# Visual Studio 2013
VisualStudioVersion = 12.0.31101.0
MinimumVisualStudioVersion = 10.0.40219.1
Project("{FAE04EC0-301F-11D3-BF4B-00C04F79EFBC}") = "TiendaMVC.Web", "TiendaMVC.Web\TiendaMVC.Web.csproj", "{9E4AD79D-EDB4-4B4B-A244-BC2373292966}"
EndProject
Project("{FAE04EC0-301F-11D3-BF4B-00C04F79EFBC}") = "TiendaMVC.CORE", "TiendaMVC.CORE\TiendaMVC.CORE.csproj", "{4EDD5578-4540-4A87-9004-BD13601468FF}"
EndProject
Project("{FAE04EC0-301F-11D3-BF4B-00C04F79EFBC}") = "TiendaMVC.Application", "TiendaMVC.Application\TiendaMVC.Application.csproj", "{4368F5E2-28CE-4C00-82AC-239DC091C794}"
EndProject
Project("{FAE04EC0-301F-11D3-BF4B-00C04F79EFBC}") = "TiendaMVC.IFR", "TiendaMVC.IFR\TiendaMVC.IFR.csproj", "{79522234-F770-4320-811A-4872C261EF32}"
EndProject
Project("{FAE04EC0-301F-11D3-BF4B-00C04F79EFBC}") = "TiendaMVC.Test", "TiendaMVC.Test\TiendaMVC.Test.csproj", "{8FC6D676-7362-4B98-8D36-6713C5EF224E}"
EndProject
Project("{FAE04EC0-301F-11D3-BF4B-00C04F79EFBC}") = "TiendaMVC.DAL", "TiendaMVC.DAL\TiendaMVC.DAL.csproj", "{7831F07B-4BE5-4CB0-9237-BD3D003CB09C}"
EndProject
Global
	GlobalSection(SolutionConfigurationPlatforms) = preSolution
		Debug|Any CPU = Debug|Any CPU
		Release|Any CPU = Release|Any CPU
	EndGlobalSection
	GlobalSection(ProjectConfigurationPlatforms) = postSolution
		{9E4AD79D-EDB4-4B4B-A244-BC2373292966}.Debug|Any CPU.ActiveCfg = Debug|Any CPU
		{9E4AD79D-EDB4-4B4B-A244-BC2373292966}.Debug|Any CPU.Build.0 = Debug|Any CPU
		{9E4AD79D-EDB4-4B4B-A244-BC2373292966}.Release|Any CPU.ActiveCfg = Release|Any CPU
		{9E4AD79D-EDB4-4B4B-A244-BC2373292966}.Release|Any CPU.Build.0 = Release|Any CPU
		{4EDD5578-4540-4A87-9004-BD13601468FF}.Debug|Any CPU.ActiveCfg = Debug|Any CPU
		{4EDD5578-4540-4A87-9004-BD13601468FF}.Debug|Any CPU.Build.0 = Debug|Any CPU
		{4EDD5578-4540-4A87-9004-BD13601468FF}.Release|Any CPU.ActiveCfg = Release|Any CPU
		{4EDD5578-4540-4A87-9004-BD13601468FF}.Release|Any CPU.Build.0 = Release|Any CPU
		{4368F5E2-28CE-4C00-82AC-239DC091C794}.Debug|Any CPU.ActiveCfg = Debug|Any CPU
		{4368F5E2-28CE-4C00-82AC-239DC091C794}.Debug|Any CPU.Build.0 = Debug|Any CPU
		{4368F5E2-28CE-4C00-82AC-239DC091C794}.Release|Any CPU.ActiveCfg = Release|Any CPU
		{4368F5E2-28CE-4C00-82AC-239DC091C794}.Release|Any CPU.Build.0 = Release|Any CPU
		{79522234-F770-4320-811A-4872C261EF32}.Debug|Any CPU.ActiveCfg = Debug|Any CPU
		{79522234-F770-4320-811A-4872C261EF32}.Debug|Any CPU.Build.0 = Debug|Any CPU
		{79522234-F770-4320-811A-4872C261EF32}.Release|Any CPU.ActiveCfg = Release|Any CPU
		{79522234-F770-4320-811A-4872C261EF32}.Release|Any CPU.Build.0 = Release|Any CPU
		{8FC6D676-7362-4B98-8D36-6713C5EF224E}.Debug|Any CPU.ActiveCfg = Debug|Any CPU
		{8FC6D676-7362-4B98-8D36-6713C5EF224E}.Debug|Any CPU.Build.0 = Debug|Any CPU
		{8FC6D676-7362-4B98-8D36-6713C5EF224E}.Release|Any CPU.ActiveCfg = Release|Any CPU
		{8FC6D676-7362-4B98-8D36-6713C5EF224E}.Release|Any CPU.Build.0 = Release|Any CPU
		{7831F07B-4BE5-4CB0-9237-BD3D003CB09C}.Debug|Any CPU.ActiveCfg = Debug|Any CPU
		{7831F07B-4BE5-4CB0-9237-BD3D003CB09C}.Debug|Any CPU.Build.0 = Debug|Any CPU
		{7831F07B-4BE5-4CB0-9237-BD3D003CB09C}.Release|Any CPU.ActiveCfg = Release|Any CPU
		{7831F07B-4BE5-4CB0-9237-BD3D003CB09C}.Release|Any CPU.Build.0 = Release|Any CPU
	EndGlobalSection
	GlobalSection(SolutionProperties) = preSolution
		HideSolutionNode = FALSE
	EndGlobalSection
EndGlobal
